
Microsoft Visual Studio Solution File, Format Version 12.00
# Visual Studio 14
VisualStudioVersion = 14.0.25420.1
MinimumVisualStudioVersion = 10.0.40219.1
Project("{FAE04EC0-301F-11D3-BF4B-00C04F79EFBC}") = "SDGApp", "SDGApp\SDGApp.csproj", "{4CAA06BC-3A4E-4389-B589-72B344D4979B}"
EndProject
Project("{FAE04EC0-301F-11D3-BF4B-00C04F79EFBC}") = "SDGAppDB", "SDGAppDB\SDGAppDB.csproj", "{CA5AE899-FF74-424C-8079-B6E963858087}"
EndProject
Global
	GlobalSection(SolutionConfigurationPlatforms) = preSolution
		Debug|Any CPU = Debug|Any CPU
		Release|Any CPU = Release|Any CPU
	EndGlobalSection
	GlobalSection(ProjectConfigurationPlatforms) = postSolution
		{4CAA06BC-3A4E-4389-B589-72B344D4979B}.Debug|Any CPU.ActiveCfg = Debug|Any CPU
		{4CAA06BC-3A4E-4389-B589-72B344D4979B}.Debug|Any CPU.Build.0 = Debug|Any CPU
		{4CAA06BC-3A4E-4389-B589-72B344D4979B}.Release|Any CPU.ActiveCfg = Release|Any CPU
		{4CAA06BC-3A4E-4389-B589-72B344D4979B}.Release|Any CPU.Build.0 = Release|Any CPU
		{CA5AE899-FF74-424C-8079-B6E963858087}.Debug|Any CPU.ActiveCfg = Debug|Any CPU
		{CA5AE899-FF74-424C-8079-B6E963858087}.Debug|Any CPU.Build.0 = Debug|Any CPU
		{CA5AE899-FF74-424C-8079-B6E963858087}.Release|Any CPU.ActiveCfg = Release|Any CPU
		{CA5AE899-FF74-424C-8079-B6E963858087}.Release|Any CPU.Build.0 = Release|Any CPU
	EndGlobalSection
	GlobalSection(SolutionProperties) = preSolution
		HideSolutionNode = FALSE
	EndGlobalSection
EndGlobal
